
Microsoft Visual Studio Solution File, Format Version 12.00
# Visual Studio Version 16
VisualStudioVersion = 16.0.30711.63
MinimumVisualStudioVersion = 10.0.40219.1
Project("{FAE04EC0-301F-11D3-BF4B-00C04F79EFBC}") = "MrDrone.Core", "MrDrone.Core\MrDrone.Core.csproj", "{331546AC-F041-4A86-84E2-0A345D674BBD}"
EndProject
Project("{FAE04EC0-301F-11D3-BF4B-00C04F79EFBC}") = "MrDrone.Console", "MrDrone.Console\MrDrone.Console.csproj", "{E251AA6D-9B4A-401D-82FC-8A3F35FBF80C}"
EndProject
Project("{FAE04EC0-301F-11D3-BF4B-00C04F79EFBC}") = "MrDrone.Control", "MrDrone.Control\MrDrone.Control.csproj", "{06D5771F-154A-4EBA-9DC7-F52B8B4DDC8E}"
EndProject
Global
	GlobalSection(SolutionConfigurationPlatforms) = preSolution
		Debug|Any CPU = Debug|Any CPU
		Release|Any CPU = Release|Any CPU
	EndGlobalSection
	GlobalSection(ProjectConfigurationPlatforms) = postSolution
		{331546AC-F041-4A86-84E2-0A345D674BBD}.Debug|Any CPU.ActiveCfg = Debug|Any CPU
		{331546AC-F041-4A86-84E2-0A345D674BBD}.Debug|Any CPU.Build.0 = Debug|Any CPU
		{331546AC-F041-4A86-84E2-0A345D674BBD}.Release|Any CPU.ActiveCfg = Release|Any CPU
		{331546AC-F041-4A86-84E2-0A345D674BBD}.Release|Any CPU.Build.0 = Release|Any CPU
		{E251AA6D-9B4A-401D-82FC-8A3F35FBF80C}.Debug|Any CPU.ActiveCfg = Debug|Any CPU
		{E251AA6D-9B4A-401D-82FC-8A3F35FBF80C}.Debug|Any CPU.Build.0 = Debug|Any CPU
		{E251AA6D-9B4A-401D-82FC-8A3F35FBF80C}.Release|Any CPU.ActiveCfg = Release|Any CPU
		{E251AA6D-9B4A-401D-82FC-8A3F35FBF80C}.Release|Any CPU.Build.0 = Release|Any CPU
		{06D5771F-154A-4EBA-9DC7-F52B8B4DDC8E}.Debug|Any CPU.ActiveCfg = Debug|Any CPU
		{06D5771F-154A-4EBA-9DC7-F52B8B4DDC8E}.Debug|Any CPU.Build.0 = Debug|Any CPU
		{06D5771F-154A-4EBA-9DC7-F52B8B4DDC8E}.Release|Any CPU.ActiveCfg = Release|Any CPU
		{06D5771F-154A-4EBA-9DC7-F52B8B4DDC8E}.Release|Any CPU.Build.0 = Release|Any CPU
	EndGlobalSection
	GlobalSection(SolutionProperties) = preSolution
		HideSolutionNode = FALSE
	EndGlobalSection
	GlobalSection(ExtensibilityGlobals) = postSolution
		SolutionGuid = {AF88BAF1-8212-47F7-94A1-C9A6BFD32CA9}
	EndGlobalSection
EndGlobal
