
Microsoft Visual Studio Solution File, Format Version 12.00
# Visual Studio 15
Project("{FAE04EC0-301F-11D3-BF4B-00C04F79EFBC}") = "Assembly-CSharp", "Assembly-CSharp.csproj", "{BE1A7116-E8A5-4677-E68F-2D1F1C13E4F7}"
EndProject
Project("{FAE04EC0-301F-11D3-BF4B-00C04F79EFBC}") = "Assembly-CSharp-Editor", "Assembly-CSharp-Editor.csproj", "{D39D02F4-870D-82A3-D2DA-7A813C3244EE}"
EndProject
Global
	GlobalSection(SolutionConfigurationPlatforms) = preSolution
		Debug|Any CPU = Debug|Any CPU
		Release|Any CPU = Release|Any CPU
	EndGlobalSection
	GlobalSection(ProjectConfigurationPlatforms) = postSolution
		{BE1A7116-E8A5-4677-E68F-2D1F1C13E4F7}.Debug|Any CPU.ActiveCfg = Debug|Any CPU
		{BE1A7116-E8A5-4677-E68F-2D1F1C13E4F7}.Debug|Any CPU.Build.0 = Debug|Any CPU
		{BE1A7116-E8A5-4677-E68F-2D1F1C13E4F7}.Release|Any CPU.ActiveCfg = Release|Any CPU
		{BE1A7116-E8A5-4677-E68F-2D1F1C13E4F7}.Release|Any CPU.Build.0 = Release|Any CPU
		{D39D02F4-870D-82A3-D2DA-7A813C3244EE}.Debug|Any CPU.ActiveCfg = Debug|Any CPU
		{D39D02F4-870D-82A3-D2DA-7A813C3244EE}.Debug|Any CPU.Build.0 = Debug|Any CPU
		{D39D02F4-870D-82A3-D2DA-7A813C3244EE}.Release|Any CPU.ActiveCfg = Release|Any CPU
		{D39D02F4-870D-82A3-D2DA-7A813C3244EE}.Release|Any CPU.Build.0 = Release|Any CPU
	EndGlobalSection
	GlobalSection(SolutionProperties) = preSolution
		HideSolutionNode = FALSE
	EndGlobalSection
EndGlobal
